{
  "name": "bajo-codec",
  "version": "0.0.1",
  "lockfileVersion": 1,
  "requires": true,
  "dependencies": {
    "ais-stream-decoder": {
      "version": "2.1.2",
      "resolved": "https://registry.npmjs.org/ais-stream-decoder/-/ais-stream-decoder-2.1.2.tgz",
      "integrity": "sha512-kS0WZ2eDDkNj94ci9ysO27bPOKtdyQjeHyMvxtoosw1qxWV2QuTcEj9vCzfusEcXIHAn9IaOBxwxVw9gAOnb0Q=="
    },
    "kea-nmea": {
      "version": "0.1.1",
      "resolved": "https://registry.npmjs.org/kea-nmea/-/kea-nmea-0.1.1.tgz",
      "integrity": "sha512-AvFZpx3ALn6dwPHJjwTSUFH4/DpBjsHZOLdR7Hpb51iM3AWC5AbcNjhy5Fa4X8pvhDopY4P1/50Mmd3eHhdRKg==",
      "requires": {
        "ais-stream-decoder": "^2.1.2",
        "kea-transformer": "^0.1.1",
        "lodash-es": "^4.17.21",
        "nmea-simple": "^3.3.0"
      }
    },
    "kea-transformer": {
      "version": "0.1.1",
      "resolved": "https://registry.npmjs.org/kea-transformer/-/kea-transformer-0.1.1.tgz",
      "integrity": "sha512-y6HD74NDcR8OLC+GOuG2Q0gdnuOsaYtBBEoj/kL3xU68j2PXgpcOmSQv4f+RLi8rZiZ/Pg+E/OInrNRl/yAbwA==",
      "requires": {
        "lodash-es": "^4.17.21"
      }
    },
    "lodash-es": {
      "version": "4.17.21",
      "resolved": "https://registry.npmjs.org/lodash-es/-/lodash-es-4.17.21.tgz",
      "integrity": "sha512-mKnC+QJ9pWVzv+C4/U3rRsHapFfHvQFoFB92e52xeyGMcX6/OlIl78je1u8vePzYZSkkogMPJ2yjxxsb89cxyw=="
    },
    "nmea-simple": {
      "version": "3.3.0",
      "resolved": "https://registry.npmjs.org/nmea-simple/-/nmea-simple-3.3.0.tgz",
      "integrity": "sha512-jYJBoxgYBUAbm2tLv0NeqK4dxhv8hhrf8rhiWGJ3+i0ubv7gn5NGyoMgPEqkE8wKscQrMT9AyA09gtuNR+70ng=="
    }
  }
}
